# THIS IS AN AUTOGENERATED FILE. DO NOT EDIT THIS FILE DIRECTLY.
# yarn lockfile v1


"@types/module-alias@^2.0.0":
  version "2.0.0"
  resolved "https://registry.yarnpkg.com/@types/module-alias/-/module-alias-2.0.0.tgz#882668f8b8cdbda44812c3b592c590909e18849e"
  integrity sha512-e3sW4oEH0qS1QxSfX7PT6xIi5qk/YSMsrB9Lq8EtkhQBZB+bKyfkP+jpLJRySanvBhAQPSv2PEBe81M8Iy/7yg==

"@types/node@^14.0.27":
  version "14.0.27"
  resolved "https://registry.yarnpkg.com/@types/node/-/node-14.0.27.tgz#a151873af5a5e851b51b3b065c9e63390a9e0eb1"
  integrity sha512-kVrqXhbclHNHGu9ztnAwSncIgJv/FaxmzXJvGXNdcCpV1b8u1/Mi6z6m0vwy0LzKeXFTPLH0NzwmoJ3fNCIq0g==

module-alias@^2.2.2:
  version "2.2.2"
  resolved "https://registry.yarnpkg.com/module-alias/-/module-alias-2.2.2.tgz#151cdcecc24e25739ff0aa6e51e1c5716974c0e0"
  integrity sha512-A/78XjoX2EmNvppVWEhM2oGk3x4lLxnkEA4jTbaK97QKSDjkIoOsKQlfylt/d3kKKi596Qy3NP5XrXJ6fZIC9Q==

typescript@^3.9.7:
  version "3.9.7"
  resolved "https://registry.yarnpkg.com/typescript/-/typescript-3.9.7.tgz#98d600a5ebdc38f40cb277522f12dc800e9e25fa"
  integrity sha512-BLbiRkiBzAwsjut4x/dsibSTB6yWpwT5qWmC2OfuCg3GgVQCSgMs4vEctYPhsaGtd0AeuuHMkjZ2h2WG8MSzRw==
